
Microsoft Visual Studio Solution File, Format Version 12.00
# Visual Studio 15
VisualStudioVersion = 15.0.26124.0
MinimumVisualStudioVersion = 15.0.26124.0
Project("{9A19103F-16F7-4668-BE54-9A1E7A4F7556}") = "Flock.Migration", "src\Flock.Migration\Flock.Migration.csproj", "{0937AFF3-E4D0-4C60-867B-3EDAFD9F7DD9}"
EndProject
Project("{9A19103F-16F7-4668-BE54-9A1E7A4F7556}") = "Flock.Migration.SqlServer", "src\Flock.Migration.SqlServer\Flock.Migration.SqlServer.csproj", "{87C6D368-58CD-444C-ADEF-51B82D8C9FE8}"
EndProject
Global
	GlobalSection(SolutionConfigurationPlatforms) = preSolution
		Debug|Any CPU = Debug|Any CPU
		Release|Any CPU = Release|Any CPU
	EndGlobalSection
	GlobalSection(ProjectConfigurationPlatforms) = postSolution
		{0937AFF3-E4D0-4C60-867B-3EDAFD9F7DD9}.Debug|Any CPU.ActiveCfg = Debug|Any CPU
		{0937AFF3-E4D0-4C60-867B-3EDAFD9F7DD9}.Debug|Any CPU.Build.0 = Debug|Any CPU
		{0937AFF3-E4D0-4C60-867B-3EDAFD9F7DD9}.Release|Any CPU.ActiveCfg = Release|Any CPU
		{0937AFF3-E4D0-4C60-867B-3EDAFD9F7DD9}.Release|Any CPU.Build.0 = Release|Any CPU
		{87C6D368-58CD-444C-ADEF-51B82D8C9FE8}.Debug|Any CPU.ActiveCfg = Debug|Any CPU
		{87C6D368-58CD-444C-ADEF-51B82D8C9FE8}.Debug|Any CPU.Build.0 = Debug|Any CPU
		{87C6D368-58CD-444C-ADEF-51B82D8C9FE8}.Release|Any CPU.ActiveCfg = Release|Any CPU
		{87C6D368-58CD-444C-ADEF-51B82D8C9FE8}.Release|Any CPU.Build.0 = Release|Any CPU
	EndGlobalSection
	GlobalSection(SolutionProperties) = preSolution
		HideSolutionNode = FALSE
	EndGlobalSection
	GlobalSection(ExtensibilityGlobals) = postSolution
		SolutionGuid = {7DFA6A14-942F-44CD-9AD0-6764964FC428}
	EndGlobalSection
EndGlobal
